
Microsoft Visual Studio Solution File, Format Version 12.00
# TcXaeShell Solution File, Format Version 11.00
VisualStudioVersion = 17.10.35827.194
MinimumVisualStudioVersion = 10.0.40219.1
Project("{2150E333-8FDC-42A3-9474-1A3956D46DE8}") = "Solution Items", "Solution Items", "{8D301F4A-A2DF-4429-9797-B2545FDF5805}"
	ProjectSection(SolutionItems) = preProject
		LICENSE = LICENSE
		README.md = README.md
	EndProjectSection
EndProject
Project("{DFBE7525-6864-4E62-8B2E-D530D69D9D96}") = "TcKNXnetIP_Tunneling_Lib", "TcKNXnetIP_Tunneling_Lib\TcKNXnetIP_Tunneling_Lib.tspproj", "{3AE872F7-99AB-4B32-B252-14DEBE593618}"
EndProject
Project("{DFBE7525-6864-4E62-8B2E-D530D69D9D96}") = "TcKNXnetIP_Tunneling_Example", "TcKNXnetIP_Tunneling_Example\TcKNXnetIP_Tunneling_Example.tspproj", "{D6C9108E-4AD5-4A64-AF12-D9656C8444E8}"
EndProject
Global
	GlobalSection(SolutionConfigurationPlatforms) = preSolution
		Debug|TwinCAT OS (ARMV7-A) = Debug|TwinCAT OS (ARMV7-A)
		Debug|TwinCAT OS (ARMV7-M) = Debug|TwinCAT OS (ARMV7-M)
		Debug|TwinCAT OS (ARMV8-A) = Debug|TwinCAT OS (ARMV8-A)
		Debug|TwinCAT OS (x64) = Debug|TwinCAT OS (x64)
		Debug|TwinCAT OS (x64-E) = Debug|TwinCAT OS (x64-E)
		Debug|TwinCAT RT (x64) = Debug|TwinCAT RT (x64)
		Debug|TwinCAT RT (x86) = Debug|TwinCAT RT (x86)
		Release|TwinCAT OS (ARMV7-A) = Release|TwinCAT OS (ARMV7-A)
		Release|TwinCAT OS (ARMV7-M) = Release|TwinCAT OS (ARMV7-M)
		Release|TwinCAT OS (ARMV8-A) = Release|TwinCAT OS (ARMV8-A)
		Release|TwinCAT OS (x64) = Release|TwinCAT OS (x64)
		Release|TwinCAT OS (x64-E) = Release|TwinCAT OS (x64-E)
		Release|TwinCAT RT (x64) = Release|TwinCAT RT (x64)
		Release|TwinCAT RT (x86) = Release|TwinCAT RT (x86)
	EndGlobalSection
	GlobalSection(ProjectConfigurationPlatforms) = postSolution
		{3AE872F7-99AB-4B32-B252-14DEBE593618}.Debug|TwinCAT OS (ARMV7-A).ActiveCfg = Debug|TwinCAT OS (ARMV7-A)
		{3AE872F7-99AB-4B32-B252-14DEBE593618}.Debug|TwinCAT OS (ARMV7-A).Build.0 = Debug|TwinCAT OS (ARMV7-A)
		{3AE872F7-99AB-4B32-B252-14DEBE593618}.Debug|TwinCAT OS (ARMV7-M).ActiveCfg = Debug|TwinCAT OS (ARMV7-M)
		{3AE872F7-99AB-4B32-B252-14DEBE593618}.Debug|TwinCAT OS (ARMV7-M).Build.0 = Debug|TwinCAT OS (ARMV7-M)
		{3AE872F7-99AB-4B32-B252-14DEBE593618}.Debug|TwinCAT OS (ARMV8-A).ActiveCfg = Debug|TwinCAT OS (ARMV8-A)
		{3AE872F7-99AB-4B32-B252-14DEBE593618}.Debug|TwinCAT OS (ARMV8-A).Build.0 = Debug|TwinCAT OS (ARMV8-A)
		{3AE872F7-99AB-4B32-B252-14DEBE593618}.Debug|TwinCAT OS (x64).ActiveCfg = Debug|TwinCAT OS (x64)
		{3AE872F7-99AB-4B32-B252-14DEBE593618}.Debug|TwinCAT OS (x64).Build.0 = Debug|TwinCAT OS (x64)
		{3AE872F7-99AB-4B32-B252-14DEBE593618}.Debug|TwinCAT OS (x64-E).ActiveCfg = Debug|TwinCAT OS (x64-E)
		{3AE872F7-99AB-4B32-B252-14DEBE593618}.Debug|TwinCAT OS (x64-E).Build.0 = Debug|TwinCAT OS (x64-E)
		{3AE872F7-99AB-4B32-B252-14DEBE593618}.Debug|TwinCAT RT (x64).ActiveCfg = Debug|TwinCAT RT (x64)
		{3AE872F7-99AB-4B32-B252-14DEBE593618}.Debug|TwinCAT RT (x64).Build.0 = Debug|TwinCAT RT (x64)
		{3AE872F7-99AB-4B32-B252-14DEBE593618}.Debug|TwinCAT RT (x86).ActiveCfg = Debug|TwinCAT RT (x86)
		{3AE872F7-99AB-4B32-B252-14DEBE593618}.Debug|TwinCAT RT (x86).Build.0 = Debug|TwinCAT RT (x86)
		{3AE872F7-99AB-4B32-B252-14DEBE593618}.Release|TwinCAT OS (ARMV7-A).ActiveCfg = Release|TwinCAT OS (ARMV7-A)
		{3AE872F7-99AB-4B32-B252-14DEBE593618}.Release|TwinCAT OS (ARMV7-A).Build.0 = Release|TwinCAT OS (ARMV7-A)
		{3AE872F7-99AB-4B32-B252-14DEBE593618}.Release|TwinCAT OS (ARMV7-M).ActiveCfg = Release|TwinCAT OS (ARMV7-M)
		{3AE872F7-99AB-4B32-B252-14DEBE593618}.Release|TwinCAT OS (ARMV7-M).Build.0 = Release|TwinCAT OS (ARMV7-M)
		{3AE872F7-99AB-4B32-B252-14DEBE593618}.Release|TwinCAT OS (ARMV8-A).ActiveCfg = Release|TwinCAT OS (ARMV8-A)
		{3AE872F7-99AB-4B32-B252-14DEBE593618}.Release|TwinCAT OS (ARMV8-A).Build.0 = Release|TwinCAT OS (ARMV8-A)
		{3AE872F7-99AB-4B32-B252-14DEBE593618}.Release|TwinCAT OS (x64).ActiveCfg = Release|TwinCAT OS (x64)
		{3AE872F7-99AB-4B32-B252-14DEBE593618}.Release|TwinCAT OS (x64).Build.0 = Release|TwinCAT OS (x64)
		{3AE872F7-99AB-4B32-B252-14DEBE593618}.Release|TwinCAT OS (x64-E).ActiveCfg = Release|TwinCAT OS (x64-E)
		{3AE872F7-99AB-4B32-B252-14DEBE593618}.Release|TwinCAT OS (x64-E).Build.0 = Release|TwinCAT OS (x64-E)
		{3AE872F7-99AB-4B32-B252-14DEBE593618}.Release|TwinCAT RT (x64).ActiveCfg = Release|TwinCAT RT (x64)
		{3AE872F7-99AB-4B32-B252-14DEBE593618}.Release|TwinCAT RT (x64).Build.0 = Release|TwinCAT RT (x64)
		{3AE872F7-99AB-4B32-B252-14DEBE593618}.Release|TwinCAT RT (x86).ActiveCfg = Release|TwinCAT RT (x86)
		{3AE872F7-99AB-4B32-B252-14DEBE593618}.Release|TwinCAT RT (x86).Build.0 = Release|TwinCAT RT (x86)
		{580577A1-D317-4B44-8B2D-FEA580A3D1A8}.Debug|TwinCAT OS (ARMV7-A).ActiveCfg = Debug|TwinCAT OS (ARMV7-A)
		{580577A1-D317-4B44-8B2D-FEA580A3D1A8}.Debug|TwinCAT OS (ARMV7-A).Build.0 = Debug|TwinCAT OS (ARMV7-A)
		{580577A1-D317-4B44-8B2D-FEA580A3D1A8}.Debug|TwinCAT OS (ARMV7-M).ActiveCfg = Debug|TwinCAT OS (ARMV7-M)
		{580577A1-D317-4B44-8B2D-FEA580A3D1A8}.Debug|TwinCAT OS (ARMV7-M).Build.0 = Debug|TwinCAT OS (ARMV7-M)
		{580577A1-D317-4B44-8B2D-FEA580A3D1A8}.Debug|TwinCAT OS (ARMV8-A).ActiveCfg = Debug|TwinCAT OS (ARMV8-A)
		{580577A1-D317-4B44-8B2D-FEA580A3D1A8}.Debug|TwinCAT OS (ARMV8-A).Build.0 = Debug|TwinCAT OS (ARMV8-A)
		{580577A1-D317-4B44-8B2D-FEA580A3D1A8}.Debug|TwinCAT OS (x64).ActiveCfg = Debug|TwinCAT OS (x64)
		{580577A1-D317-4B44-8B2D-FEA580A3D1A8}.Debug|TwinCAT OS (x64).Build.0 = Debug|TwinCAT OS (x64)
		{580577A1-D317-4B44-8B2D-FEA580A3D1A8}.Debug|TwinCAT OS (x64-E).ActiveCfg = Debug|TwinCAT OS (x64-E)
		{580577A1-D317-4B44-8B2D-FEA580A3D1A8}.Debug|TwinCAT OS (x64-E).Build.0 = Debug|TwinCAT OS (x64-E)
		{580577A1-D317-4B44-8B2D-FEA580A3D1A8}.Debug|TwinCAT RT (x64).ActiveCfg = Debug|TwinCAT RT (x64)
		{580577A1-D317-4B44-8B2D-FEA580A3D1A8}.Debug|TwinCAT RT (x64).Build.0 = Debug|TwinCAT RT (x64)
		{580577A1-D317-4B44-8B2D-FEA580A3D1A8}.Debug|TwinCAT RT (x86).ActiveCfg = Debug|TwinCAT RT (x86)
		{580577A1-D317-4B44-8B2D-FEA580A3D1A8}.Debug|TwinCAT RT (x86).Build.0 = Debug|TwinCAT RT (x86)
		{580577A1-D317-4B44-8B2D-FEA580A3D1A8}.Release|TwinCAT OS (ARMV7-A).ActiveCfg = Release|TwinCAT OS (ARMV7-A)
		{580577A1-D317-4B44-8B2D-FEA580A3D1A8}.Release|TwinCAT OS (ARMV7-A).Build.0 = Release|TwinCAT OS (ARMV7-A)
		{580577A1-D317-4B44-8B2D-FEA580A3D1A8}.Release|TwinCAT OS (ARMV7-M).ActiveCfg = Release|TwinCAT OS (ARMV7-M)
		{580577A1-D317-4B44-8B2D-FEA580A3D1A8}.Release|TwinCAT OS (ARMV7-M).Build.0 = Release|TwinCAT OS (ARMV7-M)
		{580577A1-D317-4B44-8B2D-FEA580A3D1A8}.Release|TwinCAT OS (ARMV8-A).ActiveCfg = Release|TwinCAT OS (ARMV8-A)
		{580577A1-D317-4B44-8B2D-FEA580A3D1A8}.Release|TwinCAT OS (ARMV8-A).Build.0 = Release|TwinCAT OS (ARMV8-A)
		{580577A1-D317-4B44-8B2D-FEA580A3D1A8}.Release|TwinCAT OS (x64).ActiveCfg = Release|TwinCAT OS (x64)
		{580577A1-D317-4B44-8B2D-FEA580A3D1A8}.Release|TwinCAT OS (x64).Build.0 = Release|TwinCAT OS (x64)
		{580577A1-D317-4B44-8B2D-FEA580A3D1A8}.Release|TwinCAT OS (x64-E).ActiveCfg = Release|TwinCAT OS (x64-E)
		{580577A1-D317-4B44-8B2D-FEA580A3D1A8}.Release|TwinCAT OS (x64-E).Build.0 = Release|TwinCAT OS (x64-E)
		{580577A1-D317-4B44-8B2D-FEA580A3D1A8}.Release|TwinCAT RT (x64).ActiveCfg = Release|TwinCAT RT (x64)
		{580577A1-D317-4B44-8B2D-FEA580A3D1A8}.Release|TwinCAT RT (x64).Build.0 = Release|TwinCAT RT (x64)
		{580577A1-D317-4B44-8B2D-FEA580A3D1A8}.Release|TwinCAT RT (x86).ActiveCfg = Release|TwinCAT RT (x86)
		{580577A1-D317-4B44-8B2D-FEA580A3D1A8}.Release|TwinCAT RT (x86).Build.0 = Release|TwinCAT RT (x86)
		{D6C9108E-4AD5-4A64-AF12-D9656C8444E8}.Debug|TwinCAT OS (ARMV7-A).ActiveCfg = Debug|TwinCAT OS (ARMV7-A)
		{D6C9108E-4AD5-4A64-AF12-D9656C8444E8}.Debug|TwinCAT OS (ARMV7-A).Build.0 = Debug|TwinCAT OS (ARMV7-A)
		{D6C9108E-4AD5-4A64-AF12-D9656C8444E8}.Debug|TwinCAT OS (ARMV7-M).ActiveCfg = Debug|TwinCAT OS (ARMV7-M)
		{D6C9108E-4AD5-4A64-AF12-D9656C8444E8}.Debug|TwinCAT OS (ARMV7-M).Build.0 = Debug|TwinCAT OS (ARMV7-M)
		{D6C9108E-4AD5-4A64-AF12-D9656C8444E8}.Debug|TwinCAT OS (ARMV8-A).ActiveCfg = Debug|TwinCAT OS (ARMV8-A)
		{D6C9108E-4AD5-4A64-AF12-D9656C8444E8}.Debug|TwinCAT OS (ARMV8-A).Build.0 = Debug|TwinCAT OS (ARMV8-A)
		{D6C9108E-4AD5-4A64-AF12-D9656C8444E8}.Debug|TwinCAT OS (x64).ActiveCfg = Debug|TwinCAT OS (x64)
		{D6C9108E-4AD5-4A64-AF12-D9656C8444E8}.Debug|TwinCAT OS (x64).Build.0 = Debug|TwinCAT OS (x64)
		{D6C9108E-4AD5-4A64-AF12-D9656C8444E8}.Debug|TwinCAT OS (x64-E).ActiveCfg = Debug|TwinCAT OS (x64-E)
		{D6C9108E-4AD5-4A64-AF12-D9656C8444E8}.Debug|TwinCAT OS (x64-E).Build.0 = Debug|TwinCAT OS (x64-E)
		{D6C9108E-4AD5-4A64-AF12-D9656C8444E8}.Debug|TwinCAT RT (x64).ActiveCfg = Debug|TwinCAT RT (x64)
		{D6C9108E-4AD5-4A64-AF12-D9656C8444E8}.Debug|TwinCAT RT (x64).Build.0 = Debug|TwinCAT RT (x64)
		{D6C9108E-4AD5-4A64-AF12-D9656C8444E8}.Debug|TwinCAT RT (x86).ActiveCfg = Debug|TwinCAT RT (x86)
		{D6C9108E-4AD5-4A64-AF12-D9656C8444E8}.Debug|TwinCAT RT (x86).Build.0 = Debug|TwinCAT RT (x86)
		{D6C9108E-4AD5-4A64-AF12-D9656C8444E8}.Release|TwinCAT OS (ARMV7-A).ActiveCfg = Release|TwinCAT OS (ARMV7-A)
		{D6C9108E-4AD5-4A64-AF12-D9656C8444E8}.Release|TwinCAT OS (ARMV7-A).Build.0 = Release|TwinCAT OS (ARMV7-A)
		{D6C9108E-4AD5-4A64-AF12-D9656C8444E8}.Release|TwinCAT OS (ARMV7-M).ActiveCfg = Release|TwinCAT OS (ARMV7-M)
		{D6C9108E-4AD5-4A64-AF12-D9656C8444E8}.Release|TwinCAT OS (ARMV7-M).Build.0 = Release|TwinCAT OS (ARMV7-M)
		{D6C9108E-4AD5-4A64-AF12-D9656C8444E8}.Release|TwinCAT OS (ARMV8-A).ActiveCfg = Release|TwinCAT OS (ARMV8-A)
		{D6C9108E-4AD5-4A64-AF12-D9656C8444E8}.Release|TwinCAT OS (ARMV8-A).Build.0 = Release|TwinCAT OS (ARMV8-A)
		{D6C9108E-4AD5-4A64-AF12-D9656C8444E8}.Release|TwinCAT OS (x64).ActiveCfg = Release|TwinCAT OS (x64)
		{D6C9108E-4AD5-4A64-AF12-D9656C8444E8}.Release|TwinCAT OS (x64).Build.0 = Release|TwinCAT OS (x64)
		{D6C9108E-4AD5-4A64-AF12-D9656C8444E8}.Release|TwinCAT OS (x64-E).ActiveCfg = Release|TwinCAT OS (x64-E)
		{D6C9108E-4AD5-4A64-AF12-D9656C8444E8}.Release|TwinCAT OS (x64-E).Build.0 = Release|TwinCAT OS (x64-E)
		{D6C9108E-4AD5-4A64-AF12-D9656C8444E8}.Release|TwinCAT RT (x64).ActiveCfg = Release|TwinCAT RT (x64)
		{D6C9108E-4AD5-4A64-AF12-D9656C8444E8}.Release|TwinCAT RT (x64).Build.0 = Release|TwinCAT RT (x64)
		{D6C9108E-4AD5-4A64-AF12-D9656C8444E8}.Release|TwinCAT RT (x86).ActiveCfg = Release|TwinCAT RT (x86)
		{D6C9108E-4AD5-4A64-AF12-D9656C8444E8}.Release|TwinCAT RT (x86).Build.0 = Release|TwinCAT RT (x86)
		{3F08E4A2-7853-4A14-97FD-B92B954CCE88}.Debug|TwinCAT OS (ARMV7-A).ActiveCfg = Debug|TwinCAT OS (ARMV7-A)
		{3F08E4A2-7853-4A14-97FD-B92B954CCE88}.Debug|TwinCAT OS (ARMV7-A).Build.0 = Debug|TwinCAT OS (ARMV7-A)
		{3F08E4A2-7853-4A14-97FD-B92B954CCE88}.Debug|TwinCAT OS (ARMV7-M).ActiveCfg = Debug|TwinCAT OS (ARMV7-M)
		{3F08E4A2-7853-4A14-97FD-B92B954CCE88}.Debug|TwinCAT OS (ARMV7-M).Build.0 = Debug|TwinCAT OS (ARMV7-M)
		{3F08E4A2-7853-4A14-97FD-B92B954CCE88}.Debug|TwinCAT OS (ARMV8-A).ActiveCfg = Debug|TwinCAT OS (ARMV8-A)
		{3F08E4A2-7853-4A14-97FD-B92B954CCE88}.Debug|TwinCAT OS (ARMV8-A).Build.0 = Debug|TwinCAT OS (ARMV8-A)
		{3F08E4A2-7853-4A14-97FD-B92B954CCE88}.Debug|TwinCAT OS (x64).ActiveCfg = Debug|TwinCAT OS (x64)
		{3F08E4A2-7853-4A14-97FD-B92B954CCE88}.Debug|TwinCAT OS (x64).Build.0 = Debug|TwinCAT OS (x64)
		{3F08E4A2-7853-4A14-97FD-B92B954CCE88}.Debug|TwinCAT OS (x64-E).ActiveCfg = Debug|TwinCAT OS (x64-E)
		{3F08E4A2-7853-4A14-97FD-B92B954CCE88}.Debug|TwinCAT OS (x64-E).Build.0 = Debug|TwinCAT OS (x64-E)
		{3F08E4A2-7853-4A14-97FD-B92B954CCE88}.Debug|TwinCAT RT (x64).ActiveCfg = Debug|TwinCAT RT (x64)
		{3F08E4A2-7853-4A14-97FD-B92B954CCE88}.Debug|TwinCAT RT (x64).Build.0 = Debug|TwinCAT RT (x64)
		{3F08E4A2-7853-4A14-97FD-B92B954CCE88}.Debug|TwinCAT RT (x86).ActiveCfg = Debug|TwinCAT RT (x86)
		{3F08E4A2-7853-4A14-97FD-B92B954CCE88}.Debug|TwinCAT RT (x86).Build.0 = Debug|TwinCAT RT (x86)
		{3F08E4A2-7853-4A14-97FD-B92B954CCE88}.Release|TwinCAT OS (ARMV7-A).ActiveCfg = Release|TwinCAT OS (ARMV7-A)
		{3F08E4A2-7853-4A14-97FD-B92B954CCE88}.Release|TwinCAT OS (ARMV7-A).Build.0 = Release|TwinCAT OS (ARMV7-A)
		{3F08E4A2-7853-4A14-97FD-B92B954CCE88}.Release|TwinCAT OS (ARMV7-M).ActiveCfg = Release|TwinCAT OS (ARMV7-M)
		{3F08E4A2-7853-4A14-97FD-B92B954CCE88}.Release|TwinCAT OS (ARMV7-M).Build.0 = Release|TwinCAT OS (ARMV7-M)
		{3F08E4A2-7853-4A14-97FD-B92B954CCE88}.Release|TwinCAT OS (ARMV8-A).ActiveCfg = Release|TwinCAT OS (ARMV8-A)
		{3F08E4A2-7853-4A14-97FD-B92B954CCE88}.Release|TwinCAT OS (ARMV8-A).Build.0 = Release|TwinCAT OS (ARMV8-A)
		{3F08E4A2-7853-4A14-97FD-B92B954CCE88}.Release|TwinCAT OS (x64).ActiveCfg = Release|TwinCAT OS (x64)
		{3F08E4A2-7853-4A14-97FD-B92B954CCE88}.Release|TwinCAT OS (x64).Build.0 = Release|TwinCAT OS (x64)
		{3F08E4A2-7853-4A14-97FD-B92B954CCE88}.Release|TwinCAT OS (x64-E).ActiveCfg = Release|TwinCAT OS (x64-E)
		{3F08E4A2-7853-4A14-97FD-B92B954CCE88}.Release|TwinCAT OS (x64-E).Build.0 = Release|TwinCAT OS (x64-E)
		{3F08E4A2-7853-4A14-97FD-B92B954CCE88}.Release|TwinCAT RT (x64).ActiveCfg = Release|TwinCAT RT (x64)
		{3F08E4A2-7853-4A14-97FD-B92B954CCE88}.Release|TwinCAT RT (x64).Build.0 = Release|TwinCAT RT (x64)
		{3F08E4A2-7853-4A14-97FD-B92B954CCE88}.Release|TwinCAT RT (x86).ActiveCfg = Release|TwinCAT RT (x86)
		{3F08E4A2-7853-4A14-97FD-B92B954CCE88}.Release|TwinCAT RT (x86).Build.0 = Release|TwinCAT RT (x86)
	EndGlobalSection
	GlobalSection(SolutionProperties) = preSolution
		HideSolutionNode = FALSE
	EndGlobalSection
	GlobalSection(ExtensibilityGlobals) = postSolution
		SolutionGuid = {38BDC683-EA05-438B-92D7-4D822A92D64C}
	EndGlobalSection
EndGlobal
